
Microsoft Visual Studio Solution File, Format Version 12.00
# Visual Studio Version 17
VisualStudioVersion = 17.9.34723.18
MinimumVisualStudioVersion = 10.0.40219.1
Project("{FAE04EC0-301F-11D3-BF4B-00C04F79EFBC}") = "WatchStore", "WatchStore\WatchStore.csproj", "{C80F4023-92DB-423A-B4E2-7C38BE38EB60}"
EndProject
Global
	GlobalSection(SolutionConfigurationPlatforms) = preSolution
		Debug|Any CPU = Debug|Any CPU
		Release|Any CPU = Release|Any CPU
	EndGlobalSection
	GlobalSection(ProjectConfigurationPlatforms) = postSolution
		{C80F4023-92DB-423A-B4E2-7C38BE38EB60}.Debug|Any CPU.ActiveCfg = Debug|Any CPU
		{C80F4023-92DB-423A-B4E2-7C38BE38EB60}.Debug|Any CPU.Build.0 = Debug|Any CPU
		{C80F4023-92DB-423A-B4E2-7C38BE38EB60}.Release|Any CPU.ActiveCfg = Release|Any CPU
		{C80F4023-92DB-423A-B4E2-7C38BE38EB60}.Release|Any CPU.Build.0 = Release|Any CPU
	EndGlobalSection
	GlobalSection(SolutionProperties) = preSolution
		HideSolutionNode = FALSE
	EndGlobalSection
	GlobalSection(ExtensibilityGlobals) = postSolution
		SolutionGuid = {E8D5C849-327A-4E3D-B4C0-A73F3A51CA06}
	EndGlobalSection
EndGlobal
